{
  "name": "cr-widget",
  "version": "1.0.0",
  "lockfileVersion": 2,
  "requires": true,
  "packages": {
    "": {
      "name": "cr-widget",
      "version": "1.0.0",
      "license": "ISC",
      "dependencies": {
        "@types/scriptable-ios": "^1.7.3"
      }
    },
    "node_modules/@types/scriptable-ios": {
      "version": "1.7.3",
      "resolved": "https://registry.npmjs.org/@types/scriptable-ios/-/scriptable-ios-1.7.3.tgz",
      "integrity": "sha512-XoQgKpKT0rp5qAvnkZi0freT3QtGxJA8ySFWqPVWkd8J6Q64Y8ESd+cggJj2n304FCuXS/HRb+NwYPZsWzWFbw=="
    }
  },
  "dependencies": {
    "@types/scriptable-ios": {
      "version": "1.7.3",
      "resolved": "https://registry.npmjs.org/@types/scriptable-ios/-/scriptable-ios-1.7.3.tgz",
      "integrity": "sha512-XoQgKpKT0rp5qAvnkZi0freT3QtGxJA8ySFWqPVWkd8J6Q64Y8ESd+cggJj2n304FCuXS/HRb+NwYPZsWzWFbw=="
    }
  }
}
